
Microsoft Visual Studio Solution File, Format Version 12.00
# Visual Studio Version 17
VisualStudioVersion = 17.1.32328.378
MinimumVisualStudioVersion = 10.0.40219.1
Project("{FAE04EC0-301F-11D3-BF4B-00C04F79EFBC}") = "BlazorApp", "BlazorApp\BlazorApp.csproj", "{609FD501-8145-4C82-ADAC-BF8E41D1ECD8}"
EndProject
Project("{FAE04EC0-301F-11D3-BF4B-00C04F79EFBC}") = "UnitsTests", "UnitsTests\UnitsTests.csproj", "{BB395C32-D934-47EC-B6B6-21F6B0D092DF}"
EndProject
Global
	GlobalSection(SolutionConfigurationPlatforms) = preSolution
		Debug|Any CPU = Debug|Any CPU
		Release|Any CPU = Release|Any CPU
	EndGlobalSection
	GlobalSection(ProjectConfigurationPlatforms) = postSolution
		{609FD501-8145-4C82-ADAC-BF8E41D1ECD8}.Debug|Any CPU.ActiveCfg = Debug|Any CPU
		{609FD501-8145-4C82-ADAC-BF8E41D1ECD8}.Debug|Any CPU.Build.0 = Debug|Any CPU
		{609FD501-8145-4C82-ADAC-BF8E41D1ECD8}.Release|Any CPU.ActiveCfg = Release|Any CPU
		{609FD501-8145-4C82-ADAC-BF8E41D1ECD8}.Release|Any CPU.Build.0 = Release|Any CPU
		{BB395C32-D934-47EC-B6B6-21F6B0D092DF}.Debug|Any CPU.ActiveCfg = Debug|Any CPU
		{BB395C32-D934-47EC-B6B6-21F6B0D092DF}.Debug|Any CPU.Build.0 = Debug|Any CPU
		{BB395C32-D934-47EC-B6B6-21F6B0D092DF}.Release|Any CPU.ActiveCfg = Release|Any CPU
		{BB395C32-D934-47EC-B6B6-21F6B0D092DF}.Release|Any CPU.Build.0 = Release|Any CPU
	EndGlobalSection
	GlobalSection(SolutionProperties) = preSolution
		HideSolutionNode = FALSE
	EndGlobalSection
	GlobalSection(ExtensibilityGlobals) = postSolution
		SolutionGuid = {C7DCDB2C-FFF1-46E6-8CFC-A30CB325FD4B}
	EndGlobalSection
EndGlobal
